
Microsoft Visual Studio Solution File, Format Version 12.00
# Visual Studio 14
VisualStudioVersion = 14.0.25420.1
MinimumVisualStudioVersion = 10.0.40219.1
Project("{FAE04EC0-301F-11D3-BF4B-00C04F79EFBC}") = "20191129061_Ibrahim_Boyaci", "20191129061_Ibrahim_Boyaci\20191129061_Ibrahim_Boyaci.csproj", "{A3DAA9D4-FC42-40C7-BD7E-87EA110D72ED}"
EndProject
Global
	GlobalSection(SolutionConfigurationPlatforms) = preSolution
		Debug|Any CPU = Debug|Any CPU
		Release|Any CPU = Release|Any CPU
	EndGlobalSection
	GlobalSection(ProjectConfigurationPlatforms) = postSolution
		{A3DAA9D4-FC42-40C7-BD7E-87EA110D72ED}.Debug|Any CPU.ActiveCfg = Debug|Any CPU
		{A3DAA9D4-FC42-40C7-BD7E-87EA110D72ED}.Debug|Any CPU.Build.0 = Debug|Any CPU
		{A3DAA9D4-FC42-40C7-BD7E-87EA110D72ED}.Release|Any CPU.ActiveCfg = Release|Any CPU
		{A3DAA9D4-FC42-40C7-BD7E-87EA110D72ED}.Release|Any CPU.Build.0 = Release|Any CPU
	EndGlobalSection
	GlobalSection(SolutionProperties) = preSolution
		HideSolutionNode = FALSE
	EndGlobalSection
EndGlobal
